
Microsoft Visual Studio Solution File, Format Version 12.00
# Visual Studio Version 16
VisualStudioVersion = 16.0.28922.388
MinimumVisualStudioVersion = 10.0.40219.1
Project("{FAE04EC0-301F-11D3-BF4B-00C04F79EFBC}") = "E-lections", "E-lections.csproj", "{5E951A65-4206-4F2A-89DE-5218D4852E10}"
EndProject
Global
	GlobalSection(SolutionConfigurationPlatforms) = preSolution
		Debug|Any CPU = Debug|Any CPU
		Release|Any CPU = Release|Any CPU
	EndGlobalSection
	GlobalSection(ProjectConfigurationPlatforms) = postSolution
		{5E951A65-4206-4F2A-89DE-5218D4852E10}.Debug|Any CPU.ActiveCfg = Debug|Any CPU
		{5E951A65-4206-4F2A-89DE-5218D4852E10}.Debug|Any CPU.Build.0 = Debug|Any CPU
		{5E951A65-4206-4F2A-89DE-5218D4852E10}.Release|Any CPU.ActiveCfg = Release|Any CPU
		{5E951A65-4206-4F2A-89DE-5218D4852E10}.Release|Any CPU.Build.0 = Release|Any CPU
	EndGlobalSection
	GlobalSection(SolutionProperties) = preSolution
		HideSolutionNode = FALSE
	EndGlobalSection
	GlobalSection(ExtensibilityGlobals) = postSolution
		SolutionGuid = {C7101491-D023-44F4-A121-BED76773CA8B}
	EndGlobalSection
EndGlobal
