
Microsoft Visual Studio Solution File, Format Version 12.00
# Visual Studio 15
VisualStudioVersion = 15.0.28307.438
MinimumVisualStudioVersion = 10.0.40219.1
Project("{9A19103F-16F7-4668-BE54-9A1E7A4F7556}") = "proba", "proba\proba.csproj", "{92752DB1-D308-4A76-820B-C1DF8B7464C4}"
EndProject
Project("{FAE04EC0-301F-11D3-BF4B-00C04F79EFBC}") = "ClassLibrary1", "ClassLibrary1\ClassLibrary1.csproj", "{868975DD-8C69-41A8-98E0-9C0F1276EF56}"
EndProject
Global
	GlobalSection(SolutionConfigurationPlatforms) = preSolution
		Debug|Any CPU = Debug|Any CPU
		Release|Any CPU = Release|Any CPU
	EndGlobalSection
	GlobalSection(ProjectConfigurationPlatforms) = postSolution
		{92752DB1-D308-4A76-820B-C1DF8B7464C4}.Debug|Any CPU.ActiveCfg = Debug|Any CPU
		{92752DB1-D308-4A76-820B-C1DF8B7464C4}.Debug|Any CPU.Build.0 = Debug|Any CPU
		{92752DB1-D308-4A76-820B-C1DF8B7464C4}.Release|Any CPU.ActiveCfg = Release|Any CPU
		{92752DB1-D308-4A76-820B-C1DF8B7464C4}.Release|Any CPU.Build.0 = Release|Any CPU
		{868975DD-8C69-41A8-98E0-9C0F1276EF56}.Debug|Any CPU.ActiveCfg = Debug|Any CPU
		{868975DD-8C69-41A8-98E0-9C0F1276EF56}.Debug|Any CPU.Build.0 = Debug|Any CPU
		{868975DD-8C69-41A8-98E0-9C0F1276EF56}.Release|Any CPU.ActiveCfg = Release|Any CPU
		{868975DD-8C69-41A8-98E0-9C0F1276EF56}.Release|Any CPU.Build.0 = Release|Any CPU
	EndGlobalSection
	GlobalSection(SolutionProperties) = preSolution
		HideSolutionNode = FALSE
	EndGlobalSection
	GlobalSection(ExtensibilityGlobals) = postSolution
		SolutionGuid = {69AE7401-2F5A-497B-AF08-4EE21ECAD77B}
	EndGlobalSection
EndGlobal
